
Microsoft Visual Studio Solution File, Format Version 12.00
# Visual Studio Version 16
VisualStudioVersion = 16.0.30413.136
MinimumVisualStudioVersion = 10.0.40219.1
Project("{F184B08F-C81C-45F6-A57F-5ABD9991F28F}") = "Ochoa", "Ochoa.vbproj", "{8349FE28-7481-423E-82B4-7AE648AEF990}"
EndProject
Project("{F184B08F-C81C-45F6-A57F-5ABD9991F28F}") = "dllMsSQL", "..\dllMsSQL\dllMsSQL.vbproj", "{D2D2B388-3DC2-4CBB-A7FB-282F74815341}"
EndProject
Project("{F184B08F-C81C-45F6-A57F-5ABD9991F28F}") = "dllUsuarios", "..\dllUsuarios\dllUsuarios.vbproj", "{68CFE7B1-CADB-4BFA-B4C2-1B60A15509F1}"
EndProject
Project("{F184B08F-C81C-45F6-A57F-5ABD9991F28F}") = "dllCatalogos", "..\dllCatalogos\dllCatalogos.vbproj", "{6611912E-35A2-4E38-9A83-07936CB595E2}"
EndProject
Global
	GlobalSection(SolutionConfigurationPlatforms) = preSolution
		Debug|Any CPU = Debug|Any CPU
		Debug|x86 = Debug|x86
		Release|Any CPU = Release|Any CPU
		Release|x86 = Release|x86
	EndGlobalSection
	GlobalSection(ProjectConfigurationPlatforms) = postSolution
		{8349FE28-7481-423E-82B4-7AE648AEF990}.Debug|Any CPU.ActiveCfg = Debug|Any CPU
		{8349FE28-7481-423E-82B4-7AE648AEF990}.Debug|Any CPU.Build.0 = Debug|Any CPU
		{8349FE28-7481-423E-82B4-7AE648AEF990}.Debug|x86.ActiveCfg = Debug|Any CPU
		{8349FE28-7481-423E-82B4-7AE648AEF990}.Debug|x86.Build.0 = Debug|Any CPU
		{8349FE28-7481-423E-82B4-7AE648AEF990}.Release|Any CPU.ActiveCfg = Release|Any CPU
		{8349FE28-7481-423E-82B4-7AE648AEF990}.Release|Any CPU.Build.0 = Release|Any CPU
		{8349FE28-7481-423E-82B4-7AE648AEF990}.Release|x86.ActiveCfg = Release|x86
		{8349FE28-7481-423E-82B4-7AE648AEF990}.Release|x86.Build.0 = Release|x86
		{D2D2B388-3DC2-4CBB-A7FB-282F74815341}.Debug|Any CPU.ActiveCfg = Debug|Any CPU
		{D2D2B388-3DC2-4CBB-A7FB-282F74815341}.Debug|Any CPU.Build.0 = Debug|Any CPU
		{D2D2B388-3DC2-4CBB-A7FB-282F74815341}.Debug|x86.ActiveCfg = Debug|Any CPU
		{D2D2B388-3DC2-4CBB-A7FB-282F74815341}.Debug|x86.Build.0 = Debug|Any CPU
		{D2D2B388-3DC2-4CBB-A7FB-282F74815341}.Release|Any CPU.ActiveCfg = Release|Any CPU
		{D2D2B388-3DC2-4CBB-A7FB-282F74815341}.Release|Any CPU.Build.0 = Release|Any CPU
		{D2D2B388-3DC2-4CBB-A7FB-282F74815341}.Release|x86.ActiveCfg = Release|Any CPU
		{D2D2B388-3DC2-4CBB-A7FB-282F74815341}.Release|x86.Build.0 = Release|Any CPU
		{68CFE7B1-CADB-4BFA-B4C2-1B60A15509F1}.Debug|Any CPU.ActiveCfg = Debug|Any CPU
		{68CFE7B1-CADB-4BFA-B4C2-1B60A15509F1}.Debug|Any CPU.Build.0 = Debug|Any CPU
		{68CFE7B1-CADB-4BFA-B4C2-1B60A15509F1}.Debug|x86.ActiveCfg = Debug|Any CPU
		{68CFE7B1-CADB-4BFA-B4C2-1B60A15509F1}.Debug|x86.Build.0 = Debug|Any CPU
		{68CFE7B1-CADB-4BFA-B4C2-1B60A15509F1}.Release|Any CPU.ActiveCfg = Release|Any CPU
		{68CFE7B1-CADB-4BFA-B4C2-1B60A15509F1}.Release|Any CPU.Build.0 = Release|Any CPU
		{68CFE7B1-CADB-4BFA-B4C2-1B60A15509F1}.Release|x86.ActiveCfg = Release|Any CPU
		{68CFE7B1-CADB-4BFA-B4C2-1B60A15509F1}.Release|x86.Build.0 = Release|Any CPU
		{6611912E-35A2-4E38-9A83-07936CB595E2}.Debug|Any CPU.ActiveCfg = Debug|Any CPU
		{6611912E-35A2-4E38-9A83-07936CB595E2}.Debug|Any CPU.Build.0 = Debug|Any CPU
		{6611912E-35A2-4E38-9A83-07936CB595E2}.Debug|x86.ActiveCfg = Debug|Any CPU
		{6611912E-35A2-4E38-9A83-07936CB595E2}.Debug|x86.Build.0 = Debug|Any CPU
		{6611912E-35A2-4E38-9A83-07936CB595E2}.Release|Any CPU.ActiveCfg = Release|Any CPU
		{6611912E-35A2-4E38-9A83-07936CB595E2}.Release|Any CPU.Build.0 = Release|Any CPU
		{6611912E-35A2-4E38-9A83-07936CB595E2}.Release|x86.ActiveCfg = Release|Any CPU
		{6611912E-35A2-4E38-9A83-07936CB595E2}.Release|x86.Build.0 = Release|Any CPU
	EndGlobalSection
	GlobalSection(SolutionProperties) = preSolution
		HideSolutionNode = FALSE
	EndGlobalSection
	GlobalSection(ExtensibilityGlobals) = postSolution
		SolutionGuid = {B23DD9A4-41F7-4512-9727-32BB5EE94F4F}
	EndGlobalSection
EndGlobal
